
Microsoft Visual Studio Solution File, Format Version 12.00
# Visual Studio 15
VisualStudioVersion = 15.0.28307.329
MinimumVisualStudioVersion = 10.0.40219.1
Project("{FAE04EC0-301F-11D3-BF4B-00C04F79EFBC}") = "CIS2013_Week03_Quiz", "CIS2013_Week03_Quiz\CIS2013_Week03_Quiz.csproj", "{ABDB6418-186D-4F43-BCEB-1D9D78721A00}"
EndProject
Global
	GlobalSection(SolutionConfigurationPlatforms) = preSolution
		Debug|Any CPU = Debug|Any CPU
		Release|Any CPU = Release|Any CPU
	EndGlobalSection
	GlobalSection(ProjectConfigurationPlatforms) = postSolution
		{ABDB6418-186D-4F43-BCEB-1D9D78721A00}.Debug|Any CPU.ActiveCfg = Debug|Any CPU
		{ABDB6418-186D-4F43-BCEB-1D9D78721A00}.Debug|Any CPU.Build.0 = Debug|Any CPU
		{ABDB6418-186D-4F43-BCEB-1D9D78721A00}.Release|Any CPU.ActiveCfg = Release|Any CPU
		{ABDB6418-186D-4F43-BCEB-1D9D78721A00}.Release|Any CPU.Build.0 = Release|Any CPU
	EndGlobalSection
	GlobalSection(SolutionProperties) = preSolution
		HideSolutionNode = FALSE
	EndGlobalSection
	GlobalSection(ExtensibilityGlobals) = postSolution
		SolutionGuid = {12344F3B-A8DD-4C53-9616-5A5B7FC08E8D}
	EndGlobalSection
EndGlobal
